
Microsoft Visual Studio Solution File, Format Version 12.00
# Visual Studio 2012
Project("{8BC9CEB8-8B4A-11D0-8D11-00A0C91BC942}") = "通讯录", "通讯录.vcxproj", "{8B0C8716-2D07-4A69-A2A2-372E9F54A2C3}"
EndProject
Global
	GlobalSection(SolutionConfigurationPlatforms) = preSolution
		Debug|Win32 = Debug|Win32
		Release|Win32 = Release|Win32
	EndGlobalSection
	GlobalSection(ProjectConfigurationPlatforms) = postSolution
		{8B0C8716-2D07-4A69-A2A2-372E9F54A2C3}.Debug|Win32.ActiveCfg = Debug|Win32
		{8B0C8716-2D07-4A69-A2A2-372E9F54A2C3}.Debug|Win32.Build.0 = Debug|Win32
		{8B0C8716-2D07-4A69-A2A2-372E9F54A2C3}.Release|Win32.ActiveCfg = Release|Win32
		{8B0C8716-2D07-4A69-A2A2-372E9F54A2C3}.Release|Win32.Build.0 = Release|Win32
	EndGlobalSection
	GlobalSection(SolutionProperties) = preSolution
		HideSolutionNode = FALSE
	EndGlobalSection
EndGlobal
